// !$*UTF8*$!
{
	archiveVersion = 1;
	classes = {
	};
	objectVersion = 55;
	objects = {

/* Begin PBXBuildFile section */
		C5602BA929D13021000A7951 /* Tests_iOS.swift in Sources */ = {isa = PBXBuildFile; fileRef = C5602BA829D13021000A7951 /* Tests_iOS.swift */; };
		C5602BAB29D13021000A7951 /* Tests_iOSLaunchTests.swift in Sources */ = {isa = PBXBuildFile; fileRef = C5602BAA29D13021000A7951 /* Tests_iOSLaunchTests.swift */; };
		C5602BB529D13021000A7951 /* Tests_macOS.swift in Sources */ = {isa = PBXBuildFile; fileRef = C5602BB429D13021000A7951 /* Tests_macOS.swift */; };
		C5602BB729D13021000A7951 /* Tests_macOSLaunchTests.swift in Sources */ = {isa = PBXBuildFile; fileRef = C5602BB629D13021000A7951 /* Tests_macOSLaunchTests.swift */; };
		C5602BB829D13021000A7951 /* CalculatorApp.swift in Sources */ = {isa = PBXBuildFile; fileRef = C5602B9029D1301E000A7951 /* CalculatorApp.swift */; };
		C5602BB929D13021000A7951 /* CalculatorApp.swift in Sources */ = {isa = PBXBuildFile; fileRef = C5602B9029D1301E000A7951 /* CalculatorApp.swift */; };
		C5602BBA29D13021000A7951 /* ContentView.swift in Sources */ = {isa = PBXBuildFile; fileRef = C5602B9129D1301E000A7951 /* ContentView.swift */; };
		C5602BBB29D13021000A7951 /* ContentView.swift in Sources */ = {isa = PBXBuildFile; fileRef = C5602B9129D1301E000A7951 /* ContentView.swift */; };
		C5602BBC29D13021000A7951 /* Assets.xcassets in Resources */ = {isa = PBXBuildFile; fileRef = C5602B9229D13021000A7951 /* Assets.xcassets */; };
		C5602BBD29D13021000A7951 /* Assets.xcassets in Resources */ = {isa = PBXBuildFile; fileRef = C5602B9229D13021000A7951 /* Assets.xcassets */; };
/* End PBXBuildFile section */

/* Begin PBXContainerItemProxy section */
		C5602BA529D13021000A7951 /* PBXContainerItemProxy */ = {
			isa = PBXContainerItemProxy;
			containerPortal = C5602B8B29D1301E000A7951 /* Project object */;
			proxyType = 1;
			remoteGlobalIDString = C5602B9629D13021000A7951;
			remoteInfo = "Calculator (iOS)";
		};
		C5602BB129D13021000A7951 /* PBXContainerItemProxy */ = {
			isa = PBXContainerItemProxy;
			containerPortal = C5602B8B29D1301E000A7951 /* Project object */;
			proxyType = 1;
			remoteGlobalIDString = C5602B9C29D13021000A7951;
			remoteInfo = "Calculator (macOS)";
		};
/* End PBXContainerItemProxy section */

/* Begin PBXFileReference section */
		C5602B9029D1301E000A7951 /* CalculatorApp.swift */ = {isa = PBXFileReference; lastKnownFileType = sourcecode.swift; path = CalculatorApp.swift; sourceTree = "<group>"; };
		C5602B9129D1301E000A7951 /* ContentView.swift */ = {isa = PBXFileReference; lastKnownFileType = sourcecode.swift; path = ContentView.swift; sourceTree = "<group>"; };
		C5602B9229D13021000A7951 /* Assets.xcassets */ = {isa = PBXFileReference; lastKnownFileType = folder.assetcatalog; path = Assets.xcassets; sourceTree = "<group>"; };
		C5602B9729D13021000A7951 /* Calculator.app */ = {isa = PBXFileReference; explicitFileType = wrapper.application; includeInIndex = 0; path = Calculator.app; sourceTree = BUILT_PRODUCTS_DIR; };
		C5602B9D29D13021000A7951 /* Calculator.app */ = {isa = PBXFileReference; explicitFileType = wrapper.application; includeInIndex = 0; path = Calculator.app; sourceTree = BUILT_PRODUCTS_DIR; };
		C5602B9F29D13021000A7951 /* macOS.entitlements */ = {isa = PBXFileReference; lastKnownFileType = text.plist.entitlements; path = macOS.entitlements; sourceTree = "<group>"; };
		C5602BA429D13021000A7951 /* Tests iOS.xctest */ = {isa = PBXFileReference; explicitFileType = wrapper.cfbundle; includeInIndex = 0; path = "Tests iOS.xctest"; sourceTree = BUILT_PRODUCTS_DIR; };
		C5602BA829D13021000A7951 /* Tests_iOS.swift */ = {isa = PBXFileReference; lastKnownFileType = sourcecode.swift; path = Tests_iOS.swift; sourceTree = "<group>"; };
		C5602BAA29D13021000A7951 /* Tests_iOSLaunchTests.swift */ = {isa = PBXFileReference; lastKnownFileType = sourcecode.swift; path = Tests_iOSLaunchTests.swift; sourceTree = "<group>"; };
		C5602BB029D13021000A7951 /* Tests macOS.xctest */ = {isa = PBXFileReference; explicitFileType = wrapper.cfbundle; includeInIndex = 0; path = "Tests macOS.xctest"; sourceTree = BUILT_PRODUCTS_DIR; };
		C5602BB429D13021000A7951 /* Tests_macOS.swift */ = {isa = PBXFileReference; lastKnownFileType = sourcecode.swift; path = Tests_macOS.swift; sourceTree = "<group>"; };
		C5602BB629D13021000A7951 /* Tests_macOSLaunchTests.swift */ = {isa = PBXFileReference; lastKnownFileType = sourcecode.swift; path = Tests_macOSLaunchTests.swift; sourceTree = "<group>"; };
/* End PBXFileReference section */

/* Begin PBXFrameworksBuildPhase section */
		C5602B9429D13021000A7951 /* Frameworks */ = {
			isa = PBXFrameworksBuildPhase;
			buildActionMask = 2147483647;
			files = (
			);
			runOnlyForDeploymentPostprocessing = 0;
		};
		C5602B9A29D13021000A7951 /* Frameworks */ = {
			isa = PBXFrameworksBuildPhase;
			buildActionMask = 2147483647;
			files = (
			);
			runOnlyForDeploymentPostprocessing = 0;
		};
		C5602BA129D13021000A7951 /* Frameworks */ = {
			isa = PBXFrameworksBuildPhase;
			buildActionMask = 2147483647;
			files = (
			);
			runOnlyForDeploymentPostprocessing = 0;
		};
		C5602BAD29D13021000A7951 /* Frameworks */ = {
			isa = PBXFrameworksBuildPhase;
			buildActionMask = 2147483647;
			files = (
			);
			runOnlyForDeploymentPostprocessing = 0;
		};
/* End PBXFrameworksBuildPhase section */

/* Begin PBXGroup section */
		C5602B8A29D1301E000A7951 = {
			isa = PBXGroup;
			children = (
				C5602B8F29D1301E000A7951 /* Shared */,
				C5602B9E29D13021000A7951 /* macOS */,
				C5602BA729D13021000A7951 /* Tests iOS */,
				C5602BB329D13021000A7951 /* Tests macOS */,
				C5602B9829D13021000A7951 /* Products */,
			);
			sourceTree = "<group>";
		};
		C5602B8F29D1301E000A7951 /* Shared */ = {
			isa = PBXGroup;
			children = (
				C5602B9029D1301E000A7951 /* CalculatorApp.swift */,
				C5602B9129D1301E000A7951 /* ContentView.swift */,
				C5602B9229D13021000A7951 /* Assets.xcassets */,
			);
			path = Shared;
			sourceTree = "<group>";
		};
		C5602B9829D13021000A7951 /* Products */ = {
			isa = PBXGroup;
			children = (
				C5602B9729D13021000A7951 /* Calculator.app */,
				C5602B9D29D13021000A7951 /* Calculator.app */,
				C5602BA429D13021000A7951 /* Tests iOS.xctest */,
				C5602BB029D13021000A7951 /* Tests macOS.xctest */,
			);
			name = Products;
			sourceTree = "<group>";
		};
		C5602B9E29D13021000A7951 /* macOS */ = {
			isa = PBXGroup;
			children = (
				C5602B9F29D13021000A7951 /* macOS.entitlements */,
			);
			path = macOS;
			sourceTree = "<group>";
		};
		C5602BA729D13021000A7951 /* Tests iOS */ = {
			isa = PBXGroup;
			children = (
				C5602BA829D13021000A7951 /* Tests_iOS.swift */,
				C5602BAA29D13021000A7951 /* Tests_iOSLaunchTests.swift */,
			);
			path = "Tests iOS";
			sourceTree = "<group>";
		};
		C5602BB329D13021000A7951 /* Tests macOS */ = {
			isa = PBXGroup;
			children = (
				C5602BB429D13021000A7951 /* Tests_macOS.swift */,
				C5602BB629D13021000A7951 /* Tests_macOSLaunchTests.swift */,
			);
			path = "Tests macOS";
			sourceTree = "<group>";
		};
/* End PBXGroup section */

/* Begin PBXNativeTarget section */
		C5602B9629D13021000A7951 /* Calculator (iOS) */ = {
			isa = PBXNativeTarget;
			buildConfigurationList = C5602BC029D13021000A7951 /* Build configuration list for PBXNativeTarget "Calculator (iOS)" */;
			buildPhases = (
				C5602B9329D13021000A7951 /* Sources */,
				C5602B9429D13021000A7951 /* Frameworks */,
				C5602B9529D13021000A7951 /* Resources */,
			);
			buildRules = (
			);
			dependencies = (
			);
			name = "Calculator (iOS)";
			productName = "Calculator (iOS)";
			productReference = C5602B9729D13021000A7951 /* Calculator.app */;
			productType = "com.apple.product-type.application";
		};
		C5602B9C29D13021000A7951 /* Calculator (macOS) */ = {
			isa = PBXNativeTarget;
			buildConfigurationList = C5602BC329D13021000A7951 /* Build configuration list for PBXNativeTarget "Calculator (macOS)" */;
			buildPhases = (
				C5602B9929D13021000A7951 /* Sources */,
				C5602B9A29D13021000A7951 /* Frameworks */,
				C5602B9B29D13021000A7951 /* Resources */,
			);
			buildRules = (
			);
			dependencies = (
			);
			name = "Calculator (macOS)";
			productName = "Calculator (macOS)";
			productReference = C5602B9D29D13021000A7951 /* Calculator.app */;
			productType = "com.apple.product-type.application";
		};
		C5602BA329D13021000A7951 /* Tests iOS */ = {
			isa = PBXNativeTarget;
			buildConfigurationList = C5602BC629D13021000A7951 /* Build configuration list for PBXNativeTarget "Tests iOS" */;
			buildPhases = (
				C5602BA029D13021000A7951 /* Sources */,
				C5602BA129D13021000A7951 /* Frameworks */,
				C5602BA229D13021000A7951 /* Resources */,
			);
			buildRules = (
			);
			dependencies = (
				C5602BA629D13021000A7951 /* PBXTargetDependency */,
			);
			name = "Tests iOS";
			productName = "Tests iOS";
			productReference = C5602BA429D13021000A7951 /* Tests iOS.xctest */;
			productType = "com.apple.product-type.bundle.ui-testing";
		};
		C5602BAF29D13021000A7951 /* Tests macOS */ = {
			isa = PBXNativeTarget;
			buildConfigurationList = C5602BC929D13021000A7951 /* Build configuration list for PBXNativeTarget "Tests macOS" */;
			buildPhases = (
				C5602BAC29D13021000A7951 /* Sources */,
				C5602BAD29D13021000A7951 /* Frameworks */,
				C5602BAE29D13021000A7951 /* Resources */,
			);
			buildRules = (
			);
			dependencies = (
				C5602BB229D13021000A7951 /* PBXTargetDependency */,
			);
			name = "Tests macOS";
			productName = "Tests macOS";
			productReference = C5602BB029D13021000A7951 /* Tests macOS.xctest */;
			productType = "com.apple.product-type.bundle.ui-testing";
		};
/* End PBXNativeTarget section */

/* Begin PBXProject section */
		C5602B8B29D1301E000A7951 /* Project object */ = {
			isa = PBXProject;
			attributes = {
				BuildIndependentTargetsInParallel = 1;
				LastSwiftUpdateCheck = 1340;
				LastUpgradeCheck = 1340;
				TargetAttributes = {
					C5602B9629D13021000A7951 = {
						CreatedOnToolsVersion = 13.4.1;
					};
					C5602B9C29D13021000A7951 = {
						CreatedOnToolsVersion = 13.4.1;
					};
					C5602BA329D13021000A7951 = {
						CreatedOnToolsVersion = 13.4.1;
						TestTargetID = C5602B9629D13021000A7951;
					};
					C5602BAF29D13021000A7951 = {
						CreatedOnToolsVersion = 13.4.1;
						TestTargetID = C5602B9C29D13021000A7951;
					};
				};
			};
			buildConfigurationList = C5602B8E29D1301E000A7951 /* Build configuration list for PBXProject "Calculator" */;
			compatibilityVersion = "Xcode 13.0";
			developmentRegion = en;
			hasScannedForEncodings = 0;
			knownRegions = (
				en,
				Base,
			);
			mainGroup = C5602B8A29D1301E000A7951;
			productRefGroup = C5602B9829D13021000A7951 /* Products */;
			projectDirPath = "";
			projectRoot = "";
			targets = (
				C5602B9629D13021000A7951 /* Calculator (iOS) */,
				C5602B9C29D13021000A7951 /* Calculator (macOS) */,
				C5602BA329D13021000A7951 /* Tests iOS */,
				C5602BAF29D13021000A7951 /* Tests macOS */,
			);
		};
/* End PBXProject section */

/* Begin PBXResourcesBuildPhase section */
		C5602B9529D13021000A7951 /* Resources */ = {
			isa = PBXResourcesBuildPhase;
			buildActionMask = 2147483647;
			files = (
				C5602BBC29D13021000A7951 /* Assets.xcassets in Resources */,
			);
			runOnlyForDeploymentPostprocessing = 0;
		};
		C5602B9B29D13021000A7951 /* Resources */ = {
			isa = PBXResourcesBuildPhase;
			buildActionMask = 2147483647;
			files = (
				C5602BBD29D13021000A7951 /* Assets.xcassets in Resources */,
			);
			runOnlyForDeploymentPostprocessing = 0;
		};
		C5602BA229D13021000A7951 /* Resources */ = {
			isa = PBXResourcesBuildPhase;
			buildActionMask = 2147483647;
			files = (
			);
			runOnlyForDeploymentPostprocessing = 0;
		};
		C5602BAE29D13021000A7951 /* Resources */ = {
			isa = PBXResourcesBuildPhase;
			buildActionMask = 2147483647;
			files = (
			);
			runOnlyForDeploymentPostprocessing = 0;
		};
/* End PBXResourcesBuildPhase section */

/* Begin PBXSourcesBuildPhase section */
		C5602B9329D13021000A7951 /* Sources */ = {
			isa = PBXSourcesBuildPhase;
			buildActionMask = 2147483647;
			files = (
				C5602BBA29D13021000A7951 /* ContentView.swift in Sources */,
				C5602BB829D13021000A7951 /* CalculatorApp.swift in Sources */,
			);
			runOnlyForDeploymentPostprocessing = 0;
		};
		C5602B9929D13021000A7951 /* Sources */ = {
			isa = PBXSourcesBuildPhase;
			buildActionMask = 2147483647;
			files = (
				C5602BBB29D13021000A7951 /* ContentView.swift in Sources */,
				C5602BB929D13021000A7951 /* CalculatorApp.swift in Sources */,
			);
			runOnlyForDeploymentPostprocessing = 0;
		};
		C5602BA029D13021000A7951 /* Sources */ = {
			isa = PBXSourcesBuildPhase;
			buildActionMask = 2147483647;
			files = (
				C5602BAB29D13021000A7951 /* Tests_iOSLaunchTests.swift in Sources */,
				C5602BA929D13021000A7951 /* Tests_iOS.swift in Sources */,
			);
			runOnlyForDeploymentPostprocessing = 0;
		};
		C5602BAC29D13021000A7951 /* Sources */ = {
			isa = PBXSourcesBuildPhase;
			buildActionMask = 2147483647;
			files = (
				C5602BB729D13021000A7951 /* Tests_macOSLaunchTests.swift in Sources */,
				C5602BB529D13021000A7951 /* Tests_macOS.swift in Sources */,
			);
			runOnlyForDeploymentPostprocessing = 0;
		};
/* End PBXSourcesBuildPhase section */

/* Begin PBXTargetDependency section */
		C5602BA629D13021000A7951 /* PBXTargetDependency */ = {
			isa = PBXTargetDependency;
			target = C5602B9629D13021000A7951 /* Calculator (iOS) */;
			targetProxy = C5602BA529D13021000A7951 /* PBXContainerItemProxy */;
		};
		C5602BB229D13021000A7951 /* PBXTargetDependency */ = {
			isa = PBXTargetDependency;
			target = C5602B9C29D13021000A7951 /* Calculator (macOS) */;
			targetProxy = C5602BB129D13021000A7951 /* PBXContainerItemProxy */;
		};
/* End PBXTargetDependency section */

/* Begin XCBuildConfiguration section */
		C5602BBE29D13021000A7951 /* Debug */ = {
			isa = XCBuildConfiguration;
			buildSettings = {
				ALWAYS_SEARCH_USER_PATHS = NO;
				CLANG_ANALYZER_NONNULL = YES;
				CLANG_ANALYZER_NUMBER_OBJECT_CONVERSION = YES_AGGRESSIVE;
				CLANG_CXX_LANGUAGE_STANDARD = "gnu++17";
				CLANG_ENABLE_MODULES = YES;
				CLANG_ENABLE_OBJC_ARC = YES;
				CLANG_ENABLE_OBJC_WEAK = YES;
				CLANG_WARN_BLOCK_CAPTURE_AUTORELEASING = YES;
				CLANG_WARN_BOOL_CONVERSION = YES;
				CLANG_WARN_COMMA = YES;
				CLANG_WARN_CONSTANT_CONVERSION = YES;
				CLANG_WARN_DEPRECATED_OBJC_IMPLEMENTATIONS = YES;
				CLANG_WARN_DIRECT_OBJC_ISA_USAGE = YES_ERROR;
				CLANG_WARN_DOCUMENTATION_COMMENTS = YES;
				CLANG_WARN_EMPTY_BODY = YES;
				CLANG_WARN_ENUM_CONVERSION = YES;
				CLANG_WARN_INFINITE_RECURSION = YES;
				CLANG_WARN_INT_CONVERSION = YES;
				CLANG_WARN_NON_LITERAL_NULL_CONVERSION = YES;
				CLANG_WARN_OBJC_IMPLICIT_RETAIN_SELF = YES;
				CLANG_WARN_OBJC_LITERAL_CONVERSION = YES;
				CLANG_WARN_OBJC_ROOT_CLASS = YES_ERROR;
				CLANG_WARN_QUOTED_INCLUDE_IN_FRAMEWORK_HEADER = YES;
				CLANG_WARN_RANGE_LOOP_ANALYSIS = YES;
				CLANG_WARN_STRICT_PROTOTYPES = YES;
				CLANG_WARN_SUSPICIOUS_MOVE = YES;
				CLANG_WARN_UNGUARDED_AVAILABILITY = YES_AGGRESSIVE;
				CLANG_WARN_UNREACHABLE_CODE = YES;
				CLANG_WARN__DUPLICATE_METHOD_MATCH = YES;
				COPY_PHASE_STRIP = NO;
				DEBUG_INFORMATION_FORMAT = dwarf;
				ENABLE_STRICT_OBJC_MSGSEND = YES;
				ENABLE_TESTABILITY = YES;
				GCC_C_LANGUAGE_STANDARD = gnu11;
				GCC_DYNAMIC_NO_PIC = NO;
				GCC_NO_COMMON_BLOCKS = YES;
				GCC_OPTIMIZATION_LEVEL = 0;
				GCC_PREPROCESSOR_DEFINITIONS = (
					"DEBUG=1",
					"$(inherited)",
				);
				GCC_WARN_64_TO_32_BIT_CONVERSION = YES;
				GCC_WARN_ABOUT_RETURN_TYPE = YES_ERROR;
				GCC_WARN_UNDECLARED_SELECTOR = YES;
				GCC_WARN_UNINITIALIZED_AUTOS = YES_AGGRESSIVE;
				GCC_WARN_UNUSED_FUNCTION = YES;
				GCC_WARN_UNUSED_VARIABLE = YES;
				MTL_ENABLE_DEBUG_INFO = INCLUDE_SOURCE;
				MTL_FAST_MATH = YES;
				ONLY_ACTIVE_ARCH = YES;
				SWIFT_ACTIVE_COMPILATION_CONDITIONS = DEBUG;
				SWIFT_OPTIMIZATION_LEVEL = "-Onone";
			};
			name = Debug;
		};
		C5602BBF29D13021000A7951 /* Release */ = {
			isa = XCBuildConfiguration;
			buildSettings = {
				ALWAYS_SEARCH_USER_PATHS = NO;
				CLANG_ANALYZER_NONNULL = YES;
				CLANG_ANALYZER_NUMBER_OBJECT_CONVERSION = YES_AGGRESSIVE;
				CLANG_CXX_LANGUAGE_STANDARD = "gnu++17";
				CLANG_ENABLE_MODULES = YES;
				CLANG_ENABLE_OBJC_ARC = YES;
				CLANG_ENABLE_OBJC_WEAK = YES;
				CLANG_WARN_BLOCK_CAPTURE_AUTORELEASING = YES;
				CLANG_WARN_BOOL_CONVERSION = YES;
				CLANG_WARN_COMMA = YES;
				CLANG_WARN_CONSTANT_CONVERSION = YES;
				CLANG_WARN_DEPRECATED_OBJC_IMPLEMENTATIONS = YES;
				CLANG_WARN_DIRECT_OBJC_ISA_USAGE = YES_ERROR;
				CLANG_WARN_DOCUMENTATION_COMMENTS = YES;
				CLANG_WARN_EMPTY_BODY = YES;
				CLANG_WARN_ENUM_CONVERSION = YES;
				CLANG_WARN_INFINITE_RECURSION = YES;
				CLANG_WARN_INT_CONVERSION = YES;
				CLANG_WARN_NON_LITERAL_NULL_CONVERSION = YES;
				CLANG_WARN_OBJC_IMPLICIT_RETAIN_SELF = YES;
				CLANG_WARN_OBJC_LITERAL_CONVERSION = YES;
				CLANG_WARN_OBJC_ROOT_CLASS = YES_ERROR;
				CLANG_WARN_QUOTED_INCLUDE_IN_FRAMEWORK_HEADER = YES;
				CLANG_WARN_RANGE_LOOP_ANALYSIS = YES;
				CLANG_WARN_STRICT_PROTOTYPES = YES;
				CLANG_WARN_SUSPICIOUS_MOVE = YES;
				CLANG_WARN_UNGUARDED_AVAILABILITY = YES_AGGRESSIVE;
				CLANG_WARN_UNREACHABLE_CODE = YES;
				CLANG_WARN__DUPLICATE_METHOD_MATCH = YES;
				COPY_PHASE_STRIP = NO;
				DEBUG_INFORMATION_FORMAT = "dwarf-with-dsym";
				ENABLE_NS_ASSERTIONS = NO;
				ENABLE_STRICT_OBJC_MSGSEND = YES;
				GCC_C_LANGUAGE_STANDARD = gnu11;
				GCC_NO_COMMON_BLOCKS = YES;
				GCC_WARN_64_TO_32_BIT_CONVERSION = YES;
				GCC_WARN_ABOUT_RETURN_TYPE = YES_ERROR;
				GCC_WARN_UNDECLARED_SELECTOR = YES;
				GCC_WARN_UNINITIALIZED_AUTOS = YES_AGGRESSIVE;
				GCC_WARN_UNUSED_FUNCTION = YES;
				GCC_WARN_UNUSED_VARIABLE = YES;
				MTL_ENABLE_DEBUG_INFO = NO;
				MTL_FAST_MATH = YES;
				SWIFT_COMPILATION_MODE = wholemodule;
				SWIFT_OPTIMIZATION_LEVEL = "-O";
			};
			name = Release;
		};
		C5602BC129D13021000A7951 /* Debug */ = {
			isa = XCBuildConfiguration;
			buildSettings = {
				ASSETCATALOG_COMPILER_APPICON_NAME = AppIcon;
				ASSETCATALOG_COMPILER_GLOBAL_ACCENT_COLOR_NAME = AccentColor;
				CODE_SIGN_STYLE = Automatic;
				CURRENT_PROJECT_VERSION = 1;
				ENABLE_PREVIEWS = YES;
				GENERATE_INFOPLIST_FILE = YES;
				INFOPLIST_KEY_UIApplicationSceneManifest_Generation = YES;
				INFOPLIST_KEY_UIApplicationSupportsIndirectInputEvents = YES;
				INFOPLIST_KEY_UILaunchScreen_Generation = YES;
				INFOPLIST_KEY_UISupportedInterfaceOrientations_iPad = "UIInterfaceOrientationPortrait UIInterfaceOrientationPortraitUpsideDown UIInterfaceOrientationLandscapeLeft UIInterfaceOrientationLandscapeRight";
				INFOPLIST_KEY_UISupportedInterfaceOrientations_iPhone = "UIInterfaceOrientationPortrait UIInterfaceOrientationLandscapeLeft UIInterfaceOrientationLandscapeRight";
				IPHONEOS_DEPLOYMENT_TARGET = 15.5;
				LD_RUNPATH_SEARCH_PATHS = (
					"$(inherited)",
					"@executable_path/Frameworks",
				);
				MARKETING_VERSION = 1.0;
				PRODUCT_BUNDLE_IDENTIFIER = com.reifferdigital.Calculator;
				PRODUCT_NAME = Calculator;
				SDKROOT = iphoneos;
				SWIFT_EMIT_LOC_STRINGS = YES;
				SWIFT_VERSION = 5.0;
				TARGETED_DEVICE_FAMILY = "1,2";
			};
			name = Debug;
		};
		C5602BC229D13021000A7951 /* Release */ = {
			isa = XCBuildConfiguration;
			buildSettings = {
				ASSETCATALOG_COMPILER_APPICON_NAME = AppIcon;
				ASSETCATALOG_COMPILER_GLOBAL_ACCENT_COLOR_NAME = AccentColor;
				CODE_SIGN_STYLE = Automatic;
				CURRENT_PROJECT_VERSION = 1;
				ENABLE_PREVIEWS = YES;
				GENERATE_INFOPLIST_FILE = YES;
				INFOPLIST_KEY_UIApplicationSceneManifest_Generation = YES;
				INFOPLIST_KEY_UIApplicationSupportsIndirectInputEvents = YES;
				INFOPLIST_KEY_UILaunchScreen_Generation = YES;
				INFOPLIST_KEY_UISupportedInterfaceOrientations_iPad = "UIInterfaceOrientationPortrait UIInterfaceOrientationPortraitUpsideDown UIInterfaceOrientationLandscapeLeft UIInterfaceOrientationLandscapeRight";
				INFOPLIST_KEY_UISupportedInterfaceOrientations_iPhone = "UIInterfaceOrientationPortrait UIInterfaceOrientationLandscapeLeft UIInterfaceOrientationLandscapeRight";
				IPHONEOS_DEPLOYMENT_TARGET = 15.5;
				LD_RUNPATH_SEARCH_PATHS = (
					"$(inherited)",
					"@executable_path/Frameworks",
				);
				MARKETING_VERSION = 1.0;
				PRODUCT_BUNDLE_IDENTIFIER = com.reifferdigital.Calculator;
				PRODUCT_NAME = Calculator;
				SDKROOT = iphoneos;
				SWIFT_EMIT_LOC_STRINGS = YES;
				SWIFT_VERSION = 5.0;
				TARGETED_DEVICE_FAMILY = "1,2";
				VALIDATE_PRODUCT = YES;
			};
			name = Release;
		};
		C5602BC429D13021000A7951 /* Debug */ = {
			isa = XCBuildConfiguration;
			buildSettings = {
				ASSETCATALOG_COMPILER_APPICON_NAME = AppIcon;
				ASSETCATALOG_COMPILER_GLOBAL_ACCENT_COLOR_NAME = AccentColor;
				CODE_SIGN_ENTITLEMENTS = macOS/macOS.entitlements;
				CODE_SIGN_STYLE = Automatic;
				COMBINE_HIDPI_IMAGES = YES;
				CURRENT_PROJECT_VERSION = 1;
				ENABLE_PREVIEWS = YES;
				GENERATE_INFOPLIST_FILE = YES;
				INFOPLIST_KEY_NSHumanReadableCopyright = "";
				LD_RUNPATH_SEARCH_PATHS = (
					"$(inherited)",
					"@executable_path/../Frameworks",
				);
				MACOSX_DEPLOYMENT_TARGET = 12.3;
				MARKETING_VERSION = 1.0;
				PRODUCT_BUNDLE_IDENTIFIER = com.reifferdigital.Calculator;
				PRODUCT_NAME = Calculator;
				SDKROOT = macosx;
				SWIFT_EMIT_LOC_STRINGS = YES;
				SWIFT_VERSION = 5.0;
			};
			name = Debug;
		};
		C5602BC529D13021000A7951 /* Release */ = {
			isa = XCBuildConfiguration;
			buildSettings = {
				ASSETCATALOG_COMPILER_APPICON_NAME = AppIcon;
				ASSETCATALOG_COMPILER_GLOBAL_ACCENT_COLOR_NAME = AccentColor;
				CODE_SIGN_ENTITLEMENTS = macOS/macOS.entitlements;
				CODE_SIGN_STYLE = Automatic;
				COMBINE_HIDPI_IMAGES = YES;
				CURRENT_PROJECT_VERSION = 1;
				ENABLE_PREVIEWS = YES;
				GENERATE_INFOPLIST_FILE = YES;
				INFOPLIST_KEY_NSHumanReadableCopyright = "";
				LD_RUNPATH_SEARCH_PATHS = (
					"$(inherited)",
					"@executable_path/../Frameworks",
				);
				MACOSX_DEPLOYMENT_TARGET = 12.3;
				MARKETING_VERSION = 1.0;
				PRODUCT_BUNDLE_IDENTIFIER = com.reifferdigital.Calculator;
				PRODUCT_NAME = Calculator;
				SDKROOT = macosx;
				SWIFT_EMIT_LOC_STRINGS = YES;
				SWIFT_VERSION = 5.0;
			};
			name = Release;
		};
		C5602BC729D13021000A7951 /* Debug */ = {
			isa = XCBuildConfiguration;
			buildSettings = {
				ALWAYS_EMBED_SWIFT_STANDARD_LIBRARIES = YES;
				CODE_SIGN_STYLE = Automatic;
				CURRENT_PROJECT_VERSION = 1;
				GENERATE_INFOPLIST_FILE = YES;
				IPHONEOS_DEPLOYMENT_TARGET = 15.5;
				MARKETING_VERSION = 1.0;
				PRODUCT_BUNDLE_IDENTIFIER = "com.reifferdigital.Tests-iOS";
				PRODUCT_NAME = "$(TARGET_NAME)";
				SDKROOT = iphoneos;
				SWIFT_EMIT_LOC_STRINGS = NO;
				SWIFT_VERSION = 5.0;
				TARGETED_DEVICE_FAMILY = "1,2";
				TEST_TARGET_NAME = "Calculator (iOS)";
			};
			name = Debug;
		};
		C5602BC829D13021000A7951 /* Release */ = {
			isa = XCBuildConfiguration;
			buildSettings = {
				ALWAYS_EMBED_SWIFT_STANDARD_LIBRARIES = YES;
				CODE_SIGN_STYLE = Automatic;
				CURRENT_PROJECT_VERSION = 1;
				GENERATE_INFOPLIST_FILE = YES;
				IPHONEOS_DEPLOYMENT_TARGET = 15.5;
				MARKETING_VERSION = 1.0;
				PRODUCT_BUNDLE_IDENTIFIER = "com.reifferdigital.Tests-iOS";
				PRODUCT_NAME = "$(TARGET_NAME)";
				SDKROOT = iphoneos;
				SWIFT_EMIT_LOC_STRINGS = NO;
				SWIFT_VERSION = 5.0;
				TARGETED_DEVICE_FAMILY = "1,2";
				TEST_TARGET_NAME = "Calculator (iOS)";
				VALIDATE_PRODUCT = YES;
			};
			name = Release;
		};
		C5602BCA29D13021000A7951 /* Debug */ = {
			isa = XCBuildConfiguration;
			buildSettings = {
				ALWAYS_EMBED_SWIFT_STANDARD_LIBRARIES = YES;
				CODE_SIGN_STYLE = Automatic;
				CURRENT_PROJECT_VERSION = 1;
				GENERATE_INFOPLIST_FILE = YES;
				MACOSX_DEPLOYMENT_TARGET = 12.3;
				MARKETING_VERSION = 1.0;
				PRODUCT_BUNDLE_IDENTIFIER = "com.reifferdigital.Tests-macOS";
				PRODUCT_NAME = "$(TARGET_NAME)";
				SDKROOT = macosx;
				SWIFT_EMIT_LOC_STRINGS = NO;
				SWIFT_VERSION = 5.0;
				TEST_TARGET_NAME = "Calculator (macOS)";
			};
			name = Debug;
		};
		C5602BCB29D13021000A7951 /* Release */ = {
			isa = XCBuildConfiguration;
			buildSettings = {
				ALWAYS_EMBED_SWIFT_STANDARD_LIBRARIES = YES;
				CODE_SIGN_STYLE = Automatic;
				CURRENT_PROJECT_VERSION = 1;
				GENERATE_INFOPLIST_FILE = YES;
				MACOSX_DEPLOYMENT_TARGET = 12.3;
				MARKETING_VERSION = 1.0;
				PRODUCT_BUNDLE_IDENTIFIER = "com.reifferdigital.Tests-macOS";
				PRODUCT_NAME = "$(TARGET_NAME)";
				SDKROOT = macosx;
				SWIFT_EMIT_LOC_STRINGS = NO;
				SWIFT_VERSION = 5.0;
				TEST_TARGET_NAME = "Calculator (macOS)";
			};
			name = Release;
		};
/* End XCBuildConfiguration section */

/* Begin XCConfigurationList section */
		C5602B8E29D1301E000A7951 /* Build configuration list for PBXProject "Calculator" */ = {
			isa = XCConfigurationList;
			buildConfigurations = (
				C5602BBE29D13021000A7951 /* Debug */,
				C5602BBF29D13021000A7951 /* Release */,
			);
			defaultConfigurationIsVisible = 0;
			defaultConfigurationName = Release;
		};
		C5602BC029D13021000A7951 /* Build configuration list for PBXNativeTarget "Calculator (iOS)" */ = {
			isa = XCConfigurationList;
			buildConfigurations = (
				C5602BC129D13021000A7951 /* Debug */,
				C5602BC229D13021000A7951 /* Release */,
			);
			defaultConfigurationIsVisible = 0;
			defaultConfigurationName = Release;
		};
		C5602BC329D13021000A7951 /* Build configuration list for PBXNativeTarget "Calculator (macOS)" */ = {
			isa = XCConfigurationList;
			buildConfigurations = (
				C5602BC429D13021000A7951 /* Debug */,
				C5602BC529D13021000A7951 /* Release */,
			);
			defaultConfigurationIsVisible = 0;
			defaultConfigurationName = Release;
		};
		C5602BC629D13021000A7951 /* Build configuration list for PBXNativeTarget "Tests iOS" */ = {
			isa = XCConfigurationList;
			buildConfigurations = (
				C5602BC729D13021000A7951 /* Debug */,
				C5602BC829D13021000A7951 /* Release */,
			);
			defaultConfigurationIsVisible = 0;
			defaultConfigurationName = Release;
		};
		C5602BC929D13021000A7951 /* Build configuration list for PBXNativeTarget "Tests macOS" */ = {
			isa = XCConfigurationList;
			buildConfigurations = (
				C5602BCA29D13021000A7951 /* Debug */,
				C5602BCB29D13021000A7951 /* Release */,
			);
			defaultConfigurationIsVisible = 0;
			defaultConfigurationName = Release;
		};
/* End XCConfigurationList section */
	};
	rootObject = C5602B8B29D1301E000A7951 /* Project object */;
}
